
Microsoft Visual Studio Solution File, Format Version 12.00
# Visual Studio Version 17
VisualStudioVersion = 17.6.33829.357
MinimumVisualStudioVersion = 10.0.40219.1
Project("{2150E333-8FDC-42A3-9474-1A3956D46DE8}") = "Services", "Services", "{B1B5DDF4-46C2-4F4A-B37F-7B41FE490ECE}"
EndProject
Project("{2150E333-8FDC-42A3-9474-1A3956D46DE8}") = "Catalog", "Catalog", "{FA2F63D9-6D40-495B-A2F4-EBE151175B6A}"
EndProject
Project("{9A19103F-16F7-4668-BE54-9A1E7A4F7556}") = "Catalog.API", "Services\Catalog\Catalog.API\Catalog.API.csproj", "{02405700-CE2F-4D39-B25A-817E72E9E465}"
EndProject
Project("{E53339B2-1760-4266-BCC7-CA923CBCF16C}") = "docker-compose", "docker-compose.dcproj", "{A5AC1B25-6290-4A92-B5F6-A1A674A3A64C}"
EndProject
Project("{2150E333-8FDC-42A3-9474-1A3956D46DE8}") = "Basket", "Basket", "{86C65B2E-BF65-41A5-AB2B-D029FD4A9FE8}"
EndProject
Project("{9A19103F-16F7-4668-BE54-9A1E7A4F7556}") = "Basket.API", "Services\Basket\Basket.API\Basket.API.csproj", "{AB33E872-0CBB-44C7-AF7C-F1F1B8BCDD91}"
EndProject
Project("{2150E333-8FDC-42A3-9474-1A3956D46DE8}") = "Discount", "Discount", "{F9FECDFC-BDE8-42F5-889E-464634497150}"
EndProject
Project("{9A19103F-16F7-4668-BE54-9A1E7A4F7556}") = "Discount.API", "Services\Discount\Discount.API\Discount.API.csproj", "{98DEA3A0-4DEC-477F-8A45-30CBB4BC58D0}"
EndProject
Project("{9A19103F-16F7-4668-BE54-9A1E7A4F7556}") = "Discount.Grpc", "Services\Discount\Discount.Grpc\Discount.Grpc.csproj", "{7A06A10E-850F-4791-A158-14E2337F09E2}"
EndProject
Project("{2150E333-8FDC-42A3-9474-1A3956D46DE8}") = "Ordering", "Ordering", "{3573738B-8D30-469B-9DB8-532CA0707603}"
EndProject
Project("{9A19103F-16F7-4668-BE54-9A1E7A4F7556}") = "Ordering.API", "Services\Ordering\Ordering.API\Ordering.API.csproj", "{97362ED7-B929-4FDB-88F1-18F6E8730FE1}"
EndProject
Project("{9A19103F-16F7-4668-BE54-9A1E7A4F7556}") = "Ordering.Domain", "Services\Ordering\Ordering.Domain\Ordering.Domain.csproj", "{1B182767-C549-451E-98DE-7229B1BCFE24}"
EndProject
Project("{9A19103F-16F7-4668-BE54-9A1E7A4F7556}") = "Ordering.Application", "Services\Ordering\Ordering.Application\Ordering.Application.csproj", "{33C9979F-B4F4-4586-9A69-4A528BD40CF2}"
EndProject
Project("{9A19103F-16F7-4668-BE54-9A1E7A4F7556}") = "Ordering.Infrastructure", "Services\Ordering\Ordering.Infrastructure\Ordering.Infrastructure.csproj", "{BFC0819B-FBDF-43AC-B845-43ADC7FBF6A9}"
EndProject
Project("{2150E333-8FDC-42A3-9474-1A3956D46DE8}") = "BuildingBlocks", "BuildingBlocks", "{3B3673E1-319E-4536-8E97-9DCE7809C95E}"
EndProject
Project("{9A19103F-16F7-4668-BE54-9A1E7A4F7556}") = "EventBus.Messages", "BuildingBlocks\EventBus.Messages\EventBus.Messages.csproj", "{F55195AD-BB63-472B-9C5B-5B5868918CBB}"
EndProject
Project("{2150E333-8FDC-42A3-9474-1A3956D46DE8}") = "ApiGateways", "ApiGateways", "{D16BC3A3-8F89-4317-8CE3-D7974D09F1FE}"
EndProject
Project("{9A19103F-16F7-4668-BE54-9A1E7A4F7556}") = "OcelotApiGw", "ApiGateways\OcelotApiGw\OcelotApiGw.csproj", "{01562C77-7FE1-4E8F-BC61-1C7C283B33F1}"
EndProject
Project("{9A19103F-16F7-4668-BE54-9A1E7A4F7556}") = "Shopping.Aggregator", "ApiGateways\Shopping.Aggregator\Shopping.Aggregator.csproj", "{14253A68-B9FC-471E-9BC1-F436870F6CEC}"
EndProject
Project("{2150E333-8FDC-42A3-9474-1A3956D46DE8}") = "WebApps", "WebApps", "{C5D6AC07-BF86-4EF8-B509-4ED42842AF67}"
EndProject
Project("{9A19103F-16F7-4668-BE54-9A1E7A4F7556}") = "AspnetRunBasics", "WebApps\AspnetRunBasics\AspnetRunBasics.csproj", "{1C56147F-7F16-456C-80F8-B145FC6A3FD6}"
EndProject
Global
	GlobalSection(SolutionConfigurationPlatforms) = preSolution
		Debug|Any CPU = Debug|Any CPU
		Release|Any CPU = Release|Any CPU
	EndGlobalSection
	GlobalSection(ProjectConfigurationPlatforms) = postSolution
		{02405700-CE2F-4D39-B25A-817E72E9E465}.Debug|Any CPU.ActiveCfg = Debug|Any CPU
		{02405700-CE2F-4D39-B25A-817E72E9E465}.Debug|Any CPU.Build.0 = Debug|Any CPU
		{02405700-CE2F-4D39-B25A-817E72E9E465}.Release|Any CPU.ActiveCfg = Release|Any CPU
		{02405700-CE2F-4D39-B25A-817E72E9E465}.Release|Any CPU.Build.0 = Release|Any CPU
		{A5AC1B25-6290-4A92-B5F6-A1A674A3A64C}.Debug|Any CPU.ActiveCfg = Debug|Any CPU
		{A5AC1B25-6290-4A92-B5F6-A1A674A3A64C}.Debug|Any CPU.Build.0 = Debug|Any CPU
		{A5AC1B25-6290-4A92-B5F6-A1A674A3A64C}.Release|Any CPU.ActiveCfg = Release|Any CPU
		{A5AC1B25-6290-4A92-B5F6-A1A674A3A64C}.Release|Any CPU.Build.0 = Release|Any CPU
		{AB33E872-0CBB-44C7-AF7C-F1F1B8BCDD91}.Debug|Any CPU.ActiveCfg = Debug|Any CPU
		{AB33E872-0CBB-44C7-AF7C-F1F1B8BCDD91}.Debug|Any CPU.Build.0 = Debug|Any CPU
		{AB33E872-0CBB-44C7-AF7C-F1F1B8BCDD91}.Release|Any CPU.ActiveCfg = Release|Any CPU
		{AB33E872-0CBB-44C7-AF7C-F1F1B8BCDD91}.Release|Any CPU.Build.0 = Release|Any CPU
		{98DEA3A0-4DEC-477F-8A45-30CBB4BC58D0}.Debug|Any CPU.ActiveCfg = Debug|Any CPU
		{98DEA3A0-4DEC-477F-8A45-30CBB4BC58D0}.Debug|Any CPU.Build.0 = Debug|Any CPU
		{98DEA3A0-4DEC-477F-8A45-30CBB4BC58D0}.Release|Any CPU.ActiveCfg = Release|Any CPU
		{98DEA3A0-4DEC-477F-8A45-30CBB4BC58D0}.Release|Any CPU.Build.0 = Release|Any CPU
		{7A06A10E-850F-4791-A158-14E2337F09E2}.Debug|Any CPU.ActiveCfg = Debug|Any CPU
		{7A06A10E-850F-4791-A158-14E2337F09E2}.Debug|Any CPU.Build.0 = Debug|Any CPU
		{7A06A10E-850F-4791-A158-14E2337F09E2}.Release|Any CPU.ActiveCfg = Release|Any CPU
		{7A06A10E-850F-4791-A158-14E2337F09E2}.Release|Any CPU.Build.0 = Release|Any CPU
		{97362ED7-B929-4FDB-88F1-18F6E8730FE1}.Debug|Any CPU.ActiveCfg = Debug|Any CPU
		{97362ED7-B929-4FDB-88F1-18F6E8730FE1}.Debug|Any CPU.Build.0 = Debug|Any CPU
		{97362ED7-B929-4FDB-88F1-18F6E8730FE1}.Release|Any CPU.ActiveCfg = Release|Any CPU
		{97362ED7-B929-4FDB-88F1-18F6E8730FE1}.Release|Any CPU.Build.0 = Release|Any CPU
		{1B182767-C549-451E-98DE-7229B1BCFE24}.Debug|Any CPU.ActiveCfg = Debug|Any CPU
		{1B182767-C549-451E-98DE-7229B1BCFE24}.Debug|Any CPU.Build.0 = Debug|Any CPU
		{1B182767-C549-451E-98DE-7229B1BCFE24}.Release|Any CPU.ActiveCfg = Release|Any CPU
		{1B182767-C549-451E-98DE-7229B1BCFE24}.Release|Any CPU.Build.0 = Release|Any CPU
		{33C9979F-B4F4-4586-9A69-4A528BD40CF2}.Debug|Any CPU.ActiveCfg = Debug|Any CPU
		{33C9979F-B4F4-4586-9A69-4A528BD40CF2}.Debug|Any CPU.Build.0 = Debug|Any CPU
		{33C9979F-B4F4-4586-9A69-4A528BD40CF2}.Release|Any CPU.ActiveCfg = Release|Any CPU
		{33C9979F-B4F4-4586-9A69-4A528BD40CF2}.Release|Any CPU.Build.0 = Release|Any CPU
		{BFC0819B-FBDF-43AC-B845-43ADC7FBF6A9}.Debug|Any CPU.ActiveCfg = Debug|Any CPU
		{BFC0819B-FBDF-43AC-B845-43ADC7FBF6A9}.Debug|Any CPU.Build.0 = Debug|Any CPU
		{BFC0819B-FBDF-43AC-B845-43ADC7FBF6A9}.Release|Any CPU.ActiveCfg = Release|Any CPU
		{BFC0819B-FBDF-43AC-B845-43ADC7FBF6A9}.Release|Any CPU.Build.0 = Release|Any CPU
		{F55195AD-BB63-472B-9C5B-5B5868918CBB}.Debug|Any CPU.ActiveCfg = Debug|Any CPU
		{F55195AD-BB63-472B-9C5B-5B5868918CBB}.Debug|Any CPU.Build.0 = Debug|Any CPU
		{F55195AD-BB63-472B-9C5B-5B5868918CBB}.Release|Any CPU.ActiveCfg = Release|Any CPU
		{F55195AD-BB63-472B-9C5B-5B5868918CBB}.Release|Any CPU.Build.0 = Release|Any CPU
		{01562C77-7FE1-4E8F-BC61-1C7C283B33F1}.Debug|Any CPU.ActiveCfg = Debug|Any CPU
		{01562C77-7FE1-4E8F-BC61-1C7C283B33F1}.Debug|Any CPU.Build.0 = Debug|Any CPU
		{01562C77-7FE1-4E8F-BC61-1C7C283B33F1}.Release|Any CPU.ActiveCfg = Release|Any CPU
		{01562C77-7FE1-4E8F-BC61-1C7C283B33F1}.Release|Any CPU.Build.0 = Release|Any CPU
		{14253A68-B9FC-471E-9BC1-F436870F6CEC}.Debug|Any CPU.ActiveCfg = Debug|Any CPU
		{14253A68-B9FC-471E-9BC1-F436870F6CEC}.Debug|Any CPU.Build.0 = Debug|Any CPU
		{14253A68-B9FC-471E-9BC1-F436870F6CEC}.Release|Any CPU.ActiveCfg = Release|Any CPU
		{14253A68-B9FC-471E-9BC1-F436870F6CEC}.Release|Any CPU.Build.0 = Release|Any CPU
		{1C56147F-7F16-456C-80F8-B145FC6A3FD6}.Debug|Any CPU.ActiveCfg = Debug|Any CPU
		{1C56147F-7F16-456C-80F8-B145FC6A3FD6}.Debug|Any CPU.Build.0 = Debug|Any CPU
		{1C56147F-7F16-456C-80F8-B145FC6A3FD6}.Release|Any CPU.ActiveCfg = Release|Any CPU
		{1C56147F-7F16-456C-80F8-B145FC6A3FD6}.Release|Any CPU.Build.0 = Release|Any CPU
	EndGlobalSection
	GlobalSection(SolutionProperties) = preSolution
		HideSolutionNode = FALSE
	EndGlobalSection
	GlobalSection(NestedProjects) = preSolution
		{FA2F63D9-6D40-495B-A2F4-EBE151175B6A} = {B1B5DDF4-46C2-4F4A-B37F-7B41FE490ECE}
		{02405700-CE2F-4D39-B25A-817E72E9E465} = {FA2F63D9-6D40-495B-A2F4-EBE151175B6A}
		{86C65B2E-BF65-41A5-AB2B-D029FD4A9FE8} = {B1B5DDF4-46C2-4F4A-B37F-7B41FE490ECE}
		{AB33E872-0CBB-44C7-AF7C-F1F1B8BCDD91} = {86C65B2E-BF65-41A5-AB2B-D029FD4A9FE8}
		{F9FECDFC-BDE8-42F5-889E-464634497150} = {B1B5DDF4-46C2-4F4A-B37F-7B41FE490ECE}
		{98DEA3A0-4DEC-477F-8A45-30CBB4BC58D0} = {F9FECDFC-BDE8-42F5-889E-464634497150}
		{7A06A10E-850F-4791-A158-14E2337F09E2} = {F9FECDFC-BDE8-42F5-889E-464634497150}
		{3573738B-8D30-469B-9DB8-532CA0707603} = {B1B5DDF4-46C2-4F4A-B37F-7B41FE490ECE}
		{97362ED7-B929-4FDB-88F1-18F6E8730FE1} = {3573738B-8D30-469B-9DB8-532CA0707603}
		{1B182767-C549-451E-98DE-7229B1BCFE24} = {3573738B-8D30-469B-9DB8-532CA0707603}
		{33C9979F-B4F4-4586-9A69-4A528BD40CF2} = {3573738B-8D30-469B-9DB8-532CA0707603}
		{BFC0819B-FBDF-43AC-B845-43ADC7FBF6A9} = {3573738B-8D30-469B-9DB8-532CA0707603}
		{F55195AD-BB63-472B-9C5B-5B5868918CBB} = {3B3673E1-319E-4536-8E97-9DCE7809C95E}
		{01562C77-7FE1-4E8F-BC61-1C7C283B33F1} = {D16BC3A3-8F89-4317-8CE3-D7974D09F1FE}
		{14253A68-B9FC-471E-9BC1-F436870F6CEC} = {D16BC3A3-8F89-4317-8CE3-D7974D09F1FE}
		{1C56147F-7F16-456C-80F8-B145FC6A3FD6} = {C5D6AC07-BF86-4EF8-B509-4ED42842AF67}
	EndGlobalSection
	GlobalSection(ExtensibilityGlobals) = postSolution
		SolutionGuid = {7DCB8CB5-8A71-49D8-90CB-8342180D62CC}
	EndGlobalSection
EndGlobal
